
Microsoft Visual Studio Solution File, Format Version 12.00
# Visual Studio Version 17
VisualStudioVersion = 17.0.31903.59
MinimumVisualStudioVersion = 10.0.40219.1
Project("{2150E333-8FDC-42A3-9474-1A3956D46DE8}") = "apps", "apps", "{1787FE1D-075E-9E68-7218-25F1BD1BBEAB}"
EndProject
Project("{2150E333-8FDC-42A3-9474-1A3956D46DE8}") = "api", "api", "{BC2D172B-13BC-136C-CDB1-4B1A687208C4}"
EndProject
Project("{FAE04EC0-301F-11D3-BF4B-00C04F79EFBC}") = "AuthNexus.Api", "apps\api\AuthNexus.Api.csproj", "{E2FD4603-31D0-4FDD-902D-4AFF73068A7A}"
EndProject
Project("{2150E333-8FDC-42A3-9474-1A3956D46DE8}") = "src", "src", "{827E0CD3-B72D-47B6-A68D-7590B98EB39B}"
EndProject
Project("{2150E333-8FDC-42A3-9474-1A3956D46DE8}") = "backend", "backend", "{FE360695-3F2B-1049-3887-35FBB5135923}"
EndProject
Project("{FAE04EC0-301F-11D3-BF4B-00C04F79EFBC}") = "AuthNexus.Contracts", "src\backend\AuthNexus.Contracts\AuthNexus.Contracts.csproj", "{7B78147C-2F41-4FFF-82A2-A561F348C3C4}"
EndProject
Project("{FAE04EC0-301F-11D3-BF4B-00C04F79EFBC}") = "AuthNexus.Domain", "src\backend\AuthNexus.Domain\AuthNexus.Domain.csproj", "{A2011C20-5C64-45EB-96C2-EB4BF0891019}"
EndProject
Project("{FAE04EC0-301F-11D3-BF4B-00C04F79EFBC}") = "AuthNexus.Application", "src\backend\AuthNexus.Application\AuthNexus.Application.csproj", "{7EF8658C-6DFF-4F3F-872A-5892350CF085}"
EndProject
Project("{FAE04EC0-301F-11D3-BF4B-00C04F79EFBC}") = "AuthNexus.Infrastructure", "src\backend\AuthNexus.Infrastructure\AuthNexus.Infrastructure.csproj", "{0C0A2722-A17F-458E-BC50-7CD5CE2DBD90}"
EndProject
Project("{2150E333-8FDC-42A3-9474-1A3956D46DE8}") = "tests", "tests", "{0AB3BF05-4346-4AA6-1389-037BE0695223}"
EndProject
Project("{2150E333-8FDC-42A3-9474-1A3956D46DE8}") = "unit", "unit", "{9D556B49-86D1-93A7-9596-FFAAB74EC556}"
EndProject
Project("{FAE04EC0-301F-11D3-BF4B-00C04F79EFBC}") = "AuthNexus.Contracts.Tests", "tests\unit\AuthNexus.Contracts.Tests\AuthNexus.Contracts.Tests.csproj", "{009FC229-0EA7-4D29-ADA7-1D76DD6E0398}"
EndProject
Global
	GlobalSection(SolutionConfigurationPlatforms) = preSolution
		Debug|Any CPU = Debug|Any CPU
		Debug|x64 = Debug|x64
		Debug|x86 = Debug|x86
		Release|Any CPU = Release|Any CPU
		Release|x64 = Release|x64
		Release|x86 = Release|x86
	EndGlobalSection
	GlobalSection(ProjectConfigurationPlatforms) = postSolution
		{E2FD4603-31D0-4FDD-902D-4AFF73068A7A}.Debug|Any CPU.ActiveCfg = Debug|Any CPU
		{E2FD4603-31D0-4FDD-902D-4AFF73068A7A}.Debug|Any CPU.Build.0 = Debug|Any CPU
		{E2FD4603-31D0-4FDD-902D-4AFF73068A7A}.Debug|x64.ActiveCfg = Debug|Any CPU
		{E2FD4603-31D0-4FDD-902D-4AFF73068A7A}.Debug|x64.Build.0 = Debug|Any CPU
		{E2FD4603-31D0-4FDD-902D-4AFF73068A7A}.Debug|x86.ActiveCfg = Debug|Any CPU
		{E2FD4603-31D0-4FDD-902D-4AFF73068A7A}.Debug|x86.Build.0 = Debug|Any CPU
		{E2FD4603-31D0-4FDD-902D-4AFF73068A7A}.Release|Any CPU.ActiveCfg = Release|Any CPU
		{E2FD4603-31D0-4FDD-902D-4AFF73068A7A}.Release|Any CPU.Build.0 = Release|Any CPU
		{E2FD4603-31D0-4FDD-902D-4AFF73068A7A}.Release|x64.ActiveCfg = Release|Any CPU
		{E2FD4603-31D0-4FDD-902D-4AFF73068A7A}.Release|x64.Build.0 = Release|Any CPU
		{E2FD4603-31D0-4FDD-902D-4AFF73068A7A}.Release|x86.ActiveCfg = Release|Any CPU
		{E2FD4603-31D0-4FDD-902D-4AFF73068A7A}.Release|x86.Build.0 = Release|Any CPU
		{7B78147C-2F41-4FFF-82A2-A561F348C3C4}.Debug|Any CPU.ActiveCfg = Debug|Any CPU
		{7B78147C-2F41-4FFF-82A2-A561F348C3C4}.Debug|Any CPU.Build.0 = Debug|Any CPU
		{7B78147C-2F41-4FFF-82A2-A561F348C3C4}.Debug|x64.ActiveCfg = Debug|Any CPU
		{7B78147C-2F41-4FFF-82A2-A561F348C3C4}.Debug|x64.Build.0 = Debug|Any CPU
		{7B78147C-2F41-4FFF-82A2-A561F348C3C4}.Debug|x86.ActiveCfg = Debug|Any CPU
		{7B78147C-2F41-4FFF-82A2-A561F348C3C4}.Debug|x86.Build.0 = Debug|Any CPU
		{7B78147C-2F41-4FFF-82A2-A561F348C3C4}.Release|Any CPU.ActiveCfg = Release|Any CPU
		{7B78147C-2F41-4FFF-82A2-A561F348C3C4}.Release|Any CPU.Build.0 = Release|Any CPU
		{7B78147C-2F41-4FFF-82A2-A561F348C3C4}.Release|x64.ActiveCfg = Release|Any CPU
		{7B78147C-2F41-4FFF-82A2-A561F348C3C4}.Release|x64.Build.0 = Release|Any CPU
		{7B78147C-2F41-4FFF-82A2-A561F348C3C4}.Release|x86.ActiveCfg = Release|Any CPU
		{7B78147C-2F41-4FFF-82A2-A561F348C3C4}.Release|x86.Build.0 = Release|Any CPU
		{A2011C20-5C64-45EB-96C2-EB4BF0891019}.Debug|Any CPU.ActiveCfg = Debug|Any CPU
		{A2011C20-5C64-45EB-96C2-EB4BF0891019}.Debug|Any CPU.Build.0 = Debug|Any CPU
		{A2011C20-5C64-45EB-96C2-EB4BF0891019}.Debug|x64.ActiveCfg = Debug|Any CPU
		{A2011C20-5C64-45EB-96C2-EB4BF0891019}.Debug|x64.Build.0 = Debug|Any CPU
		{A2011C20-5C64-45EB-96C2-EB4BF0891019}.Debug|x86.ActiveCfg = Debug|Any CPU
		{A2011C20-5C64-45EB-96C2-EB4BF0891019}.Debug|x86.Build.0 = Debug|Any CPU
		{A2011C20-5C64-45EB-96C2-EB4BF0891019}.Release|Any CPU.ActiveCfg = Release|Any CPU
		{A2011C20-5C64-45EB-96C2-EB4BF0891019}.Release|Any CPU.Build.0 = Release|Any CPU
		{A2011C20-5C64-45EB-96C2-EB4BF0891019}.Release|x64.ActiveCfg = Release|Any CPU
		{A2011C20-5C64-45EB-96C2-EB4BF0891019}.Release|x64.Build.0 = Release|Any CPU
		{A2011C20-5C64-45EB-96C2-EB4BF0891019}.Release|x86.ActiveCfg = Release|Any CPU
		{A2011C20-5C64-45EB-96C2-EB4BF0891019}.Release|x86.Build.0 = Release|Any CPU
		{7EF8658C-6DFF-4F3F-872A-5892350CF085}.Debug|Any CPU.ActiveCfg = Debug|Any CPU
		{7EF8658C-6DFF-4F3F-872A-5892350CF085}.Debug|Any CPU.Build.0 = Debug|Any CPU
		{7EF8658C-6DFF-4F3F-872A-5892350CF085}.Debug|x64.ActiveCfg = Debug|Any CPU
		{7EF8658C-6DFF-4F3F-872A-5892350CF085}.Debug|x64.Build.0 = Debug|Any CPU
		{7EF8658C-6DFF-4F3F-872A-5892350CF085}.Debug|x86.ActiveCfg = Debug|Any CPU
		{7EF8658C-6DFF-4F3F-872A-5892350CF085}.Debug|x86.Build.0 = Debug|Any CPU
		{7EF8658C-6DFF-4F3F-872A-5892350CF085}.Release|Any CPU.ActiveCfg = Release|Any CPU
		{7EF8658C-6DFF-4F3F-872A-5892350CF085}.Release|Any CPU.Build.0 = Release|Any CPU
		{7EF8658C-6DFF-4F3F-872A-5892350CF085}.Release|x64.ActiveCfg = Release|Any CPU
		{7EF8658C-6DFF-4F3F-872A-5892350CF085}.Release|x64.Build.0 = Release|Any CPU
		{7EF8658C-6DFF-4F3F-872A-5892350CF085}.Release|x86.ActiveCfg = Release|Any CPU
		{7EF8658C-6DFF-4F3F-872A-5892350CF085}.Release|x86.Build.0 = Release|Any CPU
		{0C0A2722-A17F-458E-BC50-7CD5CE2DBD90}.Debug|Any CPU.ActiveCfg = Debug|Any CPU
		{0C0A2722-A17F-458E-BC50-7CD5CE2DBD90}.Debug|Any CPU.Build.0 = Debug|Any CPU
		{0C0A2722-A17F-458E-BC50-7CD5CE2DBD90}.Debug|x64.ActiveCfg = Debug|Any CPU
		{0C0A2722-A17F-458E-BC50-7CD5CE2DBD90}.Debug|x64.Build.0 = Debug|Any CPU
		{0C0A2722-A17F-458E-BC50-7CD5CE2DBD90}.Debug|x86.ActiveCfg = Debug|Any CPU
		{0C0A2722-A17F-458E-BC50-7CD5CE2DBD90}.Debug|x86.Build.0 = Debug|Any CPU
		{0C0A2722-A17F-458E-BC50-7CD5CE2DBD90}.Release|Any CPU.ActiveCfg = Release|Any CPU
		{0C0A2722-A17F-458E-BC50-7CD5CE2DBD90}.Release|Any CPU.Build.0 = Release|Any CPU
		{0C0A2722-A17F-458E-BC50-7CD5CE2DBD90}.Release|x64.ActiveCfg = Release|Any CPU
		{0C0A2722-A17F-458E-BC50-7CD5CE2DBD90}.Release|x64.Build.0 = Release|Any CPU
		{0C0A2722-A17F-458E-BC50-7CD5CE2DBD90}.Release|x86.ActiveCfg = Release|Any CPU
		{0C0A2722-A17F-458E-BC50-7CD5CE2DBD90}.Release|x86.Build.0 = Release|Any CPU
		{009FC229-0EA7-4D29-ADA7-1D76DD6E0398}.Debug|Any CPU.ActiveCfg = Debug|Any CPU
		{009FC229-0EA7-4D29-ADA7-1D76DD6E0398}.Debug|Any CPU.Build.0 = Debug|Any CPU
		{009FC229-0EA7-4D29-ADA7-1D76DD6E0398}.Debug|x64.ActiveCfg = Debug|Any CPU
		{009FC229-0EA7-4D29-ADA7-1D76DD6E0398}.Debug|x64.Build.0 = Debug|Any CPU
		{009FC229-0EA7-4D29-ADA7-1D76DD6E0398}.Debug|x86.ActiveCfg = Debug|Any CPU
		{009FC229-0EA7-4D29-ADA7-1D76DD6E0398}.Debug|x86.Build.0 = Debug|Any CPU
		{009FC229-0EA7-4D29-ADA7-1D76DD6E0398}.Release|Any CPU.ActiveCfg = Release|Any CPU
		{009FC229-0EA7-4D29-ADA7-1D76DD6E0398}.Release|Any CPU.Build.0 = Release|Any CPU
		{009FC229-0EA7-4D29-ADA7-1D76DD6E0398}.Release|x64.ActiveCfg = Release|Any CPU
		{009FC229-0EA7-4D29-ADA7-1D76DD6E0398}.Release|x64.Build.0 = Release|Any CPU
		{009FC229-0EA7-4D29-ADA7-1D76DD6E0398}.Release|x86.ActiveCfg = Release|Any CPU
		{009FC229-0EA7-4D29-ADA7-1D76DD6E0398}.Release|x86.Build.0 = Release|Any CPU
	EndGlobalSection
	GlobalSection(SolutionProperties) = preSolution
		HideSolutionNode = FALSE
	EndGlobalSection
	GlobalSection(NestedProjects) = preSolution
		{BC2D172B-13BC-136C-CDB1-4B1A687208C4} = {1787FE1D-075E-9E68-7218-25F1BD1BBEAB}
		{E2FD4603-31D0-4FDD-902D-4AFF73068A7A} = {BC2D172B-13BC-136C-CDB1-4B1A687208C4}
		{FE360695-3F2B-1049-3887-35FBB5135923} = {827E0CD3-B72D-47B6-A68D-7590B98EB39B}
		{7B78147C-2F41-4FFF-82A2-A561F348C3C4} = {FE360695-3F2B-1049-3887-35FBB5135923}
		{A2011C20-5C64-45EB-96C2-EB4BF0891019} = {FE360695-3F2B-1049-3887-35FBB5135923}
		{7EF8658C-6DFF-4F3F-872A-5892350CF085} = {FE360695-3F2B-1049-3887-35FBB5135923}
		{0C0A2722-A17F-458E-BC50-7CD5CE2DBD90} = {FE360695-3F2B-1049-3887-35FBB5135923}
		{9D556B49-86D1-93A7-9596-FFAAB74EC556} = {0AB3BF05-4346-4AA6-1389-037BE0695223}
		{009FC229-0EA7-4D29-ADA7-1D76DD6E0398} = {9D556B49-86D1-93A7-9596-FFAAB74EC556}
	EndGlobalSection
EndGlobal
