
Microsoft Visual Studio Solution File, Format Version 12.00
# Visual Studio Version 17
VisualStudioVersion = 17.0.31903.59
MinimumVisualStudioVersion = 10.0.40219.1
Project("{2150E333-8FDC-42A3-9474-1A3956D46DE8}") = "apps", "apps", "{1787FE1D-075E-9E68-7218-25F1BD1BBEAB}"
EndProject
Project("{2150E333-8FDC-42A3-9474-1A3956D46DE8}") = "api", "api", "{BC2D172B-13BC-136C-CDB1-4B1A687208C4}"
EndProject
Project("{FAE04EC0-301F-11D3-BF4B-00C04F79EFBC}") = "AuthNexus.Api", "apps\api\AuthNexus.Api.csproj", "{E2FD4603-31D0-4FDD-902D-4AFF73068A7A}"
EndProject
Project("{2150E333-8FDC-42A3-9474-1A3956D46DE8}") = "src", "src", "{827E0CD3-B72D-47B6-A68D-7590B98EB39B}"
EndProject
Project("{2150E333-8FDC-42A3-9474-1A3956D46DE8}") = "backend", "backend", "{FE360695-3F2B-1049-3887-35FBB5135923}"
EndProject
Project("{FAE04EC0-301F-11D3-BF4B-00C04F79EFBC}") = "AuthNexus.Contracts", "src\backend\AuthNexus.Contracts\AuthNexus.Contracts.csproj", "{7B78147C-2F41-4FFF-82A2-A561F348C3C4}"
EndProject
Project("{FAE04EC0-301F-11D3-BF4B-00C04F79EFBC}") = "AuthNexus.Domain", "src\backend\AuthNexus.Domain\AuthNexus.Domain.csproj", "{A2011C20-5C64-45EB-96C2-EB4BF0891019}"
EndProject
Project("{FAE04EC0-301F-11D3-BF4B-00C04F79EFBC}") = "AuthNexus.Application", "src\backend\AuthNexus.Application\AuthNexus.Application.csproj", "{7EF8658C-6DFF-4F3F-872A-5892350CF085}"
EndProject
Project("{FAE04EC0-301F-11D3-BF4B-00C04F79EFBC}") = "AuthNexus.Infrastructure", "src\backend\AuthNexus.Infrastructure\AuthNexus.Infrastructure.csproj", "{0C0A2722-A17F-458E-BC50-7CD5CE2DBD90}"
EndProject
Project("{2150E333-8FDC-42A3-9474-1A3956D46DE8}") = "tests", "tests", "{0AB3BF05-4346-4AA6-1389-037BE0695223}"
EndProject
Project("{2150E333-8FDC-42A3-9474-1A3956D46DE8}") = "unit", "unit", "{9D556B49-86D1-93A7-9596-FFAAB74EC556}"
EndProject
Project("{FAE04EC0-301F-11D3-BF4B-00C04F79EFBC}") = "AuthNexus.Contracts.Tests", "tests\unit\AuthNexus.Contracts.Tests\AuthNexus.Contracts.Tests.csproj", "{009FC229-0EA7-4D29-ADA7-1D76DD6E0398}"
EndProject
Project("{2150E333-8FDC-42A3-9474-1A3956D46DE8}") = "Modules", "Modules", "{80AA2D47-A8A8-B250-956F-7C35AE84D60B}"
EndProject
Project("{FAE04EC0-301F-11D3-BF4B-00C04F79EFBC}") = "AuthNexus.Modules.Administration", "src\backend\Modules\Administration\AuthNexus.Modules.Administration.csproj", "{267905EB-5D75-4CF2-8B96-DE619CFD259C}"
EndProject
Project("{FAE04EC0-301F-11D3-BF4B-00C04F79EFBC}") = "AuthNexus.Modules.Applications", "src\backend\Modules\Applications\AuthNexus.Modules.Applications.csproj", "{0A336D5A-A015-4395-BC34-4F39133CCB51}"
EndProject
Project("{FAE04EC0-301F-11D3-BF4B-00C04F79EFBC}") = "AuthNexus.Modules.Audit", "src\backend\Modules\Audit\AuthNexus.Modules.Audit.csproj", "{016F9B39-8119-44D3-BB6C-D50AD8197550}"
EndProject
Project("{FAE04EC0-301F-11D3-BF4B-00C04F79EFBC}") = "AuthNexus.Modules.Authentication", "src\backend\Modules\Authentication\AuthNexus.Modules.Authentication.csproj", "{97F361D2-6577-4F98-A0A0-5829E3020200}"
EndProject
Project("{FAE04EC0-301F-11D3-BF4B-00C04F79EFBC}") = "AuthNexus.Modules.Identity", "src\backend\Modules\Identity\AuthNexus.Modules.Identity.csproj", "{44CC71B8-A8B1-46B2-B951-8F10F90C8ACF}"
EndProject
Project("{FAE04EC0-301F-11D3-BF4B-00C04F79EFBC}") = "AuthNexus.Modules.Notifications", "src\backend\Modules\Notifications\AuthNexus.Modules.Notifications.csproj", "{CE0A596B-29D1-4A78-B840-EC9665BD0875}"
EndProject
Project("{FAE04EC0-301F-11D3-BF4B-00C04F79EFBC}") = "AuthNexus.Modules.Policies", "src\backend\Modules\Policies\AuthNexus.Modules.Policies.csproj", "{096B9F4F-06F1-4668-84AD-FA22DCC938BC}"
EndProject
Project("{FAE04EC0-301F-11D3-BF4B-00C04F79EFBC}") = "AuthNexus.Modules.Recovery", "src\backend\Modules\Recovery\AuthNexus.Modules.Recovery.csproj", "{8ABA8009-C03B-4D52-A6A3-A63D91D039F1}"
EndProject
Project("{FAE04EC0-301F-11D3-BF4B-00C04F79EFBC}") = "AuthNexus.Modules.Registration", "src\backend\Modules\Registration\AuthNexus.Modules.Registration.csproj", "{FAC2B07B-09DC-418A-A315-F5776D2E6226}"
EndProject
Project("{FAE04EC0-301F-11D3-BF4B-00C04F79EFBC}") = "AuthNexus.Modules.Risk", "src\backend\Modules\Risk\AuthNexus.Modules.Risk.csproj", "{D02F90A6-C322-434D-842A-404B06BAD09D}"
EndProject
Project("{FAE04EC0-301F-11D3-BF4B-00C04F79EFBC}") = "AuthNexus.Modules.Sessions", "src\backend\Modules\Sessions\AuthNexus.Modules.Sessions.csproj", "{E02DC5AD-4C67-4267-ABCA-D47A98A683EF}"
EndProject
Project("{2150E333-8FDC-42A3-9474-1A3956D46DE8}") = "architecture", "architecture", "{875CD587-DE2F-08EE-74FB-D6BE4E474EF3}"
EndProject
Project("{FAE04EC0-301F-11D3-BF4B-00C04F79EFBC}") = "AuthNexus.Architecture.Tests", "tests\architecture\AuthNexus.Architecture.Tests\AuthNexus.Architecture.Tests.csproj", "{66E5EECE-FD57-4509-A833-6DF07B520B57}"
EndProject
Project("{FAE04EC0-301F-11D3-BF4B-00C04F79EFBC}") = "AuthNexus.Modules.Applications.Tests", "tests\unit\AuthNexus.Modules.Applications.Tests\AuthNexus.Modules.Applications.Tests.csproj", "{9AC1976E-0CA8-4090-9DA6-4E145FC9F8A5}"
EndProject
Global
	GlobalSection(SolutionConfigurationPlatforms) = preSolution
		Debug|Any CPU = Debug|Any CPU
		Debug|x64 = Debug|x64
		Debug|x86 = Debug|x86
		Release|Any CPU = Release|Any CPU
		Release|x64 = Release|x64
		Release|x86 = Release|x86
	EndGlobalSection
	GlobalSection(ProjectConfigurationPlatforms) = postSolution
		{E2FD4603-31D0-4FDD-902D-4AFF73068A7A}.Debug|Any CPU.ActiveCfg = Debug|Any CPU
		{E2FD4603-31D0-4FDD-902D-4AFF73068A7A}.Debug|Any CPU.Build.0 = Debug|Any CPU
		{E2FD4603-31D0-4FDD-902D-4AFF73068A7A}.Debug|x64.ActiveCfg = Debug|Any CPU
		{E2FD4603-31D0-4FDD-902D-4AFF73068A7A}.Debug|x64.Build.0 = Debug|Any CPU
		{E2FD4603-31D0-4FDD-902D-4AFF73068A7A}.Debug|x86.ActiveCfg = Debug|Any CPU
		{E2FD4603-31D0-4FDD-902D-4AFF73068A7A}.Debug|x86.Build.0 = Debug|Any CPU
		{E2FD4603-31D0-4FDD-902D-4AFF73068A7A}.Release|Any CPU.ActiveCfg = Release|Any CPU
		{E2FD4603-31D0-4FDD-902D-4AFF73068A7A}.Release|Any CPU.Build.0 = Release|Any CPU
		{E2FD4603-31D0-4FDD-902D-4AFF73068A7A}.Release|x64.ActiveCfg = Release|Any CPU
		{E2FD4603-31D0-4FDD-902D-4AFF73068A7A}.Release|x64.Build.0 = Release|Any CPU
		{E2FD4603-31D0-4FDD-902D-4AFF73068A7A}.Release|x86.ActiveCfg = Release|Any CPU
		{E2FD4603-31D0-4FDD-902D-4AFF73068A7A}.Release|x86.Build.0 = Release|Any CPU
		{7B78147C-2F41-4FFF-82A2-A561F348C3C4}.Debug|Any CPU.ActiveCfg = Debug|Any CPU
		{7B78147C-2F41-4FFF-82A2-A561F348C3C4}.Debug|Any CPU.Build.0 = Debug|Any CPU
		{7B78147C-2F41-4FFF-82A2-A561F348C3C4}.Debug|x64.ActiveCfg = Debug|Any CPU
		{7B78147C-2F41-4FFF-82A2-A561F348C3C4}.Debug|x64.Build.0 = Debug|Any CPU
		{7B78147C-2F41-4FFF-82A2-A561F348C3C4}.Debug|x86.ActiveCfg = Debug|Any CPU
		{7B78147C-2F41-4FFF-82A2-A561F348C3C4}.Debug|x86.Build.0 = Debug|Any CPU
		{7B78147C-2F41-4FFF-82A2-A561F348C3C4}.Release|Any CPU.ActiveCfg = Release|Any CPU
		{7B78147C-2F41-4FFF-82A2-A561F348C3C4}.Release|Any CPU.Build.0 = Release|Any CPU
		{7B78147C-2F41-4FFF-82A2-A561F348C3C4}.Release|x64.ActiveCfg = Release|Any CPU
		{7B78147C-2F41-4FFF-82A2-A561F348C3C4}.Release|x64.Build.0 = Release|Any CPU
		{7B78147C-2F41-4FFF-82A2-A561F348C3C4}.Release|x86.ActiveCfg = Release|Any CPU
		{7B78147C-2F41-4FFF-82A2-A561F348C3C4}.Release|x86.Build.0 = Release|Any CPU
		{A2011C20-5C64-45EB-96C2-EB4BF0891019}.Debug|Any CPU.ActiveCfg = Debug|Any CPU
		{A2011C20-5C64-45EB-96C2-EB4BF0891019}.Debug|Any CPU.Build.0 = Debug|Any CPU
		{A2011C20-5C64-45EB-96C2-EB4BF0891019}.Debug|x64.ActiveCfg = Debug|Any CPU
		{A2011C20-5C64-45EB-96C2-EB4BF0891019}.Debug|x64.Build.0 = Debug|Any CPU
		{A2011C20-5C64-45EB-96C2-EB4BF0891019}.Debug|x86.ActiveCfg = Debug|Any CPU
		{A2011C20-5C64-45EB-96C2-EB4BF0891019}.Debug|x86.Build.0 = Debug|Any CPU
		{A2011C20-5C64-45EB-96C2-EB4BF0891019}.Release|Any CPU.ActiveCfg = Release|Any CPU
		{A2011C20-5C64-45EB-96C2-EB4BF0891019}.Release|Any CPU.Build.0 = Release|Any CPU
		{A2011C20-5C64-45EB-96C2-EB4BF0891019}.Release|x64.ActiveCfg = Release|Any CPU
		{A2011C20-5C64-45EB-96C2-EB4BF0891019}.Release|x64.Build.0 = Release|Any CPU
		{A2011C20-5C64-45EB-96C2-EB4BF0891019}.Release|x86.ActiveCfg = Release|Any CPU
		{A2011C20-5C64-45EB-96C2-EB4BF0891019}.Release|x86.Build.0 = Release|Any CPU
		{7EF8658C-6DFF-4F3F-872A-5892350CF085}.Debug|Any CPU.ActiveCfg = Debug|Any CPU
		{7EF8658C-6DFF-4F3F-872A-5892350CF085}.Debug|Any CPU.Build.0 = Debug|Any CPU
		{7EF8658C-6DFF-4F3F-872A-5892350CF085}.Debug|x64.ActiveCfg = Debug|Any CPU
		{7EF8658C-6DFF-4F3F-872A-5892350CF085}.Debug|x64.Build.0 = Debug|Any CPU
		{7EF8658C-6DFF-4F3F-872A-5892350CF085}.Debug|x86.ActiveCfg = Debug|Any CPU
		{7EF8658C-6DFF-4F3F-872A-5892350CF085}.Debug|x86.Build.0 = Debug|Any CPU
		{7EF8658C-6DFF-4F3F-872A-5892350CF085}.Release|Any CPU.ActiveCfg = Release|Any CPU
		{7EF8658C-6DFF-4F3F-872A-5892350CF085}.Release|Any CPU.Build.0 = Release|Any CPU
		{7EF8658C-6DFF-4F3F-872A-5892350CF085}.Release|x64.ActiveCfg = Release|Any CPU
		{7EF8658C-6DFF-4F3F-872A-5892350CF085}.Release|x64.Build.0 = Release|Any CPU
		{7EF8658C-6DFF-4F3F-872A-5892350CF085}.Release|x86.ActiveCfg = Release|Any CPU
		{7EF8658C-6DFF-4F3F-872A-5892350CF085}.Release|x86.Build.0 = Release|Any CPU
		{0C0A2722-A17F-458E-BC50-7CD5CE2DBD90}.Debug|Any CPU.ActiveCfg = Debug|Any CPU
		{0C0A2722-A17F-458E-BC50-7CD5CE2DBD90}.Debug|Any CPU.Build.0 = Debug|Any CPU
		{0C0A2722-A17F-458E-BC50-7CD5CE2DBD90}.Debug|x64.ActiveCfg = Debug|Any CPU
		{0C0A2722-A17F-458E-BC50-7CD5CE2DBD90}.Debug|x64.Build.0 = Debug|Any CPU
		{0C0A2722-A17F-458E-BC50-7CD5CE2DBD90}.Debug|x86.ActiveCfg = Debug|Any CPU
		{0C0A2722-A17F-458E-BC50-7CD5CE2DBD90}.Debug|x86.Build.0 = Debug|Any CPU
		{0C0A2722-A17F-458E-BC50-7CD5CE2DBD90}.Release|Any CPU.ActiveCfg = Release|Any CPU
		{0C0A2722-A17F-458E-BC50-7CD5CE2DBD90}.Release|Any CPU.Build.0 = Release|Any CPU
		{0C0A2722-A17F-458E-BC50-7CD5CE2DBD90}.Release|x64.ActiveCfg = Release|Any CPU
		{0C0A2722-A17F-458E-BC50-7CD5CE2DBD90}.Release|x64.Build.0 = Release|Any CPU
		{0C0A2722-A17F-458E-BC50-7CD5CE2DBD90}.Release|x86.ActiveCfg = Release|Any CPU
		{0C0A2722-A17F-458E-BC50-7CD5CE2DBD90}.Release|x86.Build.0 = Release|Any CPU
		{009FC229-0EA7-4D29-ADA7-1D76DD6E0398}.Debug|Any CPU.ActiveCfg = Debug|Any CPU
		{009FC229-0EA7-4D29-ADA7-1D76DD6E0398}.Debug|Any CPU.Build.0 = Debug|Any CPU
		{009FC229-0EA7-4D29-ADA7-1D76DD6E0398}.Debug|x64.ActiveCfg = Debug|Any CPU
		{009FC229-0EA7-4D29-ADA7-1D76DD6E0398}.Debug|x64.Build.0 = Debug|Any CPU
		{009FC229-0EA7-4D29-ADA7-1D76DD6E0398}.Debug|x86.ActiveCfg = Debug|Any CPU
		{009FC229-0EA7-4D29-ADA7-1D76DD6E0398}.Debug|x86.Build.0 = Debug|Any CPU
		{009FC229-0EA7-4D29-ADA7-1D76DD6E0398}.Release|Any CPU.ActiveCfg = Release|Any CPU
		{009FC229-0EA7-4D29-ADA7-1D76DD6E0398}.Release|Any CPU.Build.0 = Release|Any CPU
		{009FC229-0EA7-4D29-ADA7-1D76DD6E0398}.Release|x64.ActiveCfg = Release|Any CPU
		{009FC229-0EA7-4D29-ADA7-1D76DD6E0398}.Release|x64.Build.0 = Release|Any CPU
		{009FC229-0EA7-4D29-ADA7-1D76DD6E0398}.Release|x86.ActiveCfg = Release|Any CPU
		{009FC229-0EA7-4D29-ADA7-1D76DD6E0398}.Release|x86.Build.0 = Release|Any CPU
		{267905EB-5D75-4CF2-8B96-DE619CFD259C}.Debug|Any CPU.ActiveCfg = Debug|Any CPU
		{267905EB-5D75-4CF2-8B96-DE619CFD259C}.Debug|Any CPU.Build.0 = Debug|Any CPU
		{267905EB-5D75-4CF2-8B96-DE619CFD259C}.Debug|x64.ActiveCfg = Debug|Any CPU
		{267905EB-5D75-4CF2-8B96-DE619CFD259C}.Debug|x64.Build.0 = Debug|Any CPU
		{267905EB-5D75-4CF2-8B96-DE619CFD259C}.Debug|x86.ActiveCfg = Debug|Any CPU
		{267905EB-5D75-4CF2-8B96-DE619CFD259C}.Debug|x86.Build.0 = Debug|Any CPU
		{267905EB-5D75-4CF2-8B96-DE619CFD259C}.Release|Any CPU.ActiveCfg = Release|Any CPU
		{267905EB-5D75-4CF2-8B96-DE619CFD259C}.Release|Any CPU.Build.0 = Release|Any CPU
		{267905EB-5D75-4CF2-8B96-DE619CFD259C}.Release|x64.ActiveCfg = Release|Any CPU
		{267905EB-5D75-4CF2-8B96-DE619CFD259C}.Release|x64.Build.0 = Release|Any CPU
		{267905EB-5D75-4CF2-8B96-DE619CFD259C}.Release|x86.ActiveCfg = Release|Any CPU
		{267905EB-5D75-4CF2-8B96-DE619CFD259C}.Release|x86.Build.0 = Release|Any CPU
		{0A336D5A-A015-4395-BC34-4F39133CCB51}.Debug|Any CPU.ActiveCfg = Debug|Any CPU
		{0A336D5A-A015-4395-BC34-4F39133CCB51}.Debug|Any CPU.Build.0 = Debug|Any CPU
		{0A336D5A-A015-4395-BC34-4F39133CCB51}.Debug|x64.ActiveCfg = Debug|Any CPU
		{0A336D5A-A015-4395-BC34-4F39133CCB51}.Debug|x64.Build.0 = Debug|Any CPU
		{0A336D5A-A015-4395-BC34-4F39133CCB51}.Debug|x86.ActiveCfg = Debug|Any CPU
		{0A336D5A-A015-4395-BC34-4F39133CCB51}.Debug|x86.Build.0 = Debug|Any CPU
		{0A336D5A-A015-4395-BC34-4F39133CCB51}.Release|Any CPU.ActiveCfg = Release|Any CPU
		{0A336D5A-A015-4395-BC34-4F39133CCB51}.Release|Any CPU.Build.0 = Release|Any CPU
		{0A336D5A-A015-4395-BC34-4F39133CCB51}.Release|x64.ActiveCfg = Release|Any CPU
		{0A336D5A-A015-4395-BC34-4F39133CCB51}.Release|x64.Build.0 = Release|Any CPU
		{0A336D5A-A015-4395-BC34-4F39133CCB51}.Release|x86.ActiveCfg = Release|Any CPU
		{0A336D5A-A015-4395-BC34-4F39133CCB51}.Release|x86.Build.0 = Release|Any CPU
		{016F9B39-8119-44D3-BB6C-D50AD8197550}.Debug|Any CPU.ActiveCfg = Debug|Any CPU
		{016F9B39-8119-44D3-BB6C-D50AD8197550}.Debug|Any CPU.Build.0 = Debug|Any CPU
		{016F9B39-8119-44D3-BB6C-D50AD8197550}.Debug|x64.ActiveCfg = Debug|Any CPU
		{016F9B39-8119-44D3-BB6C-D50AD8197550}.Debug|x64.Build.0 = Debug|Any CPU
		{016F9B39-8119-44D3-BB6C-D50AD8197550}.Debug|x86.ActiveCfg = Debug|Any CPU
		{016F9B39-8119-44D3-BB6C-D50AD8197550}.Debug|x86.Build.0 = Debug|Any CPU
		{016F9B39-8119-44D3-BB6C-D50AD8197550}.Release|Any CPU.ActiveCfg = Release|Any CPU
		{016F9B39-8119-44D3-BB6C-D50AD8197550}.Release|Any CPU.Build.0 = Release|Any CPU
		{016F9B39-8119-44D3-BB6C-D50AD8197550}.Release|x64.ActiveCfg = Release|Any CPU
		{016F9B39-8119-44D3-BB6C-D50AD8197550}.Release|x64.Build.0 = Release|Any CPU
		{016F9B39-8119-44D3-BB6C-D50AD8197550}.Release|x86.ActiveCfg = Release|Any CPU
		{016F9B39-8119-44D3-BB6C-D50AD8197550}.Release|x86.Build.0 = Release|Any CPU
		{97F361D2-6577-4F98-A0A0-5829E3020200}.Debug|Any CPU.ActiveCfg = Debug|Any CPU
		{97F361D2-6577-4F98-A0A0-5829E3020200}.Debug|Any CPU.Build.0 = Debug|Any CPU
		{97F361D2-6577-4F98-A0A0-5829E3020200}.Debug|x64.ActiveCfg = Debug|Any CPU
		{97F361D2-6577-4F98-A0A0-5829E3020200}.Debug|x64.Build.0 = Debug|Any CPU
		{97F361D2-6577-4F98-A0A0-5829E3020200}.Debug|x86.ActiveCfg = Debug|Any CPU
		{97F361D2-6577-4F98-A0A0-5829E3020200}.Debug|x86.Build.0 = Debug|Any CPU
		{97F361D2-6577-4F98-A0A0-5829E3020200}.Release|Any CPU.ActiveCfg = Release|Any CPU
		{97F361D2-6577-4F98-A0A0-5829E3020200}.Release|Any CPU.Build.0 = Release|Any CPU
		{97F361D2-6577-4F98-A0A0-5829E3020200}.Release|x64.ActiveCfg = Release|Any CPU
		{97F361D2-6577-4F98-A0A0-5829E3020200}.Release|x64.Build.0 = Release|Any CPU
		{97F361D2-6577-4F98-A0A0-5829E3020200}.Release|x86.ActiveCfg = Release|Any CPU
		{97F361D2-6577-4F98-A0A0-5829E3020200}.Release|x86.Build.0 = Release|Any CPU
		{44CC71B8-A8B1-46B2-B951-8F10F90C8ACF}.Debug|Any CPU.ActiveCfg = Debug|Any CPU
		{44CC71B8-A8B1-46B2-B951-8F10F90C8ACF}.Debug|Any CPU.Build.0 = Debug|Any CPU
		{44CC71B8-A8B1-46B2-B951-8F10F90C8ACF}.Debug|x64.ActiveCfg = Debug|Any CPU
		{44CC71B8-A8B1-46B2-B951-8F10F90C8ACF}.Debug|x64.Build.0 = Debug|Any CPU
		{44CC71B8-A8B1-46B2-B951-8F10F90C8ACF}.Debug|x86.ActiveCfg = Debug|Any CPU
		{44CC71B8-A8B1-46B2-B951-8F10F90C8ACF}.Debug|x86.Build.0 = Debug|Any CPU
		{44CC71B8-A8B1-46B2-B951-8F10F90C8ACF}.Release|Any CPU.ActiveCfg = Release|Any CPU
		{44CC71B8-A8B1-46B2-B951-8F10F90C8ACF}.Release|Any CPU.Build.0 = Release|Any CPU
		{44CC71B8-A8B1-46B2-B951-8F10F90C8ACF}.Release|x64.ActiveCfg = Release|Any CPU
		{44CC71B8-A8B1-46B2-B951-8F10F90C8ACF}.Release|x64.Build.0 = Release|Any CPU
		{44CC71B8-A8B1-46B2-B951-8F10F90C8ACF}.Release|x86.ActiveCfg = Release|Any CPU
		{44CC71B8-A8B1-46B2-B951-8F10F90C8ACF}.Release|x86.Build.0 = Release|Any CPU
		{CE0A596B-29D1-4A78-B840-EC9665BD0875}.Debug|Any CPU.ActiveCfg = Debug|Any CPU
		{CE0A596B-29D1-4A78-B840-EC9665BD0875}.Debug|Any CPU.Build.0 = Debug|Any CPU
		{CE0A596B-29D1-4A78-B840-EC9665BD0875}.Debug|x64.ActiveCfg = Debug|Any CPU
		{CE0A596B-29D1-4A78-B840-EC9665BD0875}.Debug|x64.Build.0 = Debug|Any CPU
		{CE0A596B-29D1-4A78-B840-EC9665BD0875}.Debug|x86.ActiveCfg = Debug|Any CPU
		{CE0A596B-29D1-4A78-B840-EC9665BD0875}.Debug|x86.Build.0 = Debug|Any CPU
		{CE0A596B-29D1-4A78-B840-EC9665BD0875}.Release|Any CPU.ActiveCfg = Release|Any CPU
		{CE0A596B-29D1-4A78-B840-EC9665BD0875}.Release|Any CPU.Build.0 = Release|Any CPU
		{CE0A596B-29D1-4A78-B840-EC9665BD0875}.Release|x64.ActiveCfg = Release|Any CPU
		{CE0A596B-29D1-4A78-B840-EC9665BD0875}.Release|x64.Build.0 = Release|Any CPU
		{CE0A596B-29D1-4A78-B840-EC9665BD0875}.Release|x86.ActiveCfg = Release|Any CPU
		{CE0A596B-29D1-4A78-B840-EC9665BD0875}.Release|x86.Build.0 = Release|Any CPU
		{096B9F4F-06F1-4668-84AD-FA22DCC938BC}.Debug|Any CPU.ActiveCfg = Debug|Any CPU
		{096B9F4F-06F1-4668-84AD-FA22DCC938BC}.Debug|Any CPU.Build.0 = Debug|Any CPU
		{096B9F4F-06F1-4668-84AD-FA22DCC938BC}.Debug|x64.ActiveCfg = Debug|Any CPU
		{096B9F4F-06F1-4668-84AD-FA22DCC938BC}.Debug|x64.Build.0 = Debug|Any CPU
		{096B9F4F-06F1-4668-84AD-FA22DCC938BC}.Debug|x86.ActiveCfg = Debug|Any CPU
		{096B9F4F-06F1-4668-84AD-FA22DCC938BC}.Debug|x86.Build.0 = Debug|Any CPU
		{096B9F4F-06F1-4668-84AD-FA22DCC938BC}.Release|Any CPU.ActiveCfg = Release|Any CPU
		{096B9F4F-06F1-4668-84AD-FA22DCC938BC}.Release|Any CPU.Build.0 = Release|Any CPU
		{096B9F4F-06F1-4668-84AD-FA22DCC938BC}.Release|x64.ActiveCfg = Release|Any CPU
		{096B9F4F-06F1-4668-84AD-FA22DCC938BC}.Release|x64.Build.0 = Release|Any CPU
		{096B9F4F-06F1-4668-84AD-FA22DCC938BC}.Release|x86.ActiveCfg = Release|Any CPU
		{096B9F4F-06F1-4668-84AD-FA22DCC938BC}.Release|x86.Build.0 = Release|Any CPU
		{8ABA8009-C03B-4D52-A6A3-A63D91D039F1}.Debug|Any CPU.ActiveCfg = Debug|Any CPU
		{8ABA8009-C03B-4D52-A6A3-A63D91D039F1}.Debug|Any CPU.Build.0 = Debug|Any CPU
		{8ABA8009-C03B-4D52-A6A3-A63D91D039F1}.Debug|x64.ActiveCfg = Debug|Any CPU
		{8ABA8009-C03B-4D52-A6A3-A63D91D039F1}.Debug|x64.Build.0 = Debug|Any CPU
		{8ABA8009-C03B-4D52-A6A3-A63D91D039F1}.Debug|x86.ActiveCfg = Debug|Any CPU
		{8ABA8009-C03B-4D52-A6A3-A63D91D039F1}.Debug|x86.Build.0 = Debug|Any CPU
		{8ABA8009-C03B-4D52-A6A3-A63D91D039F1}.Release|Any CPU.ActiveCfg = Release|Any CPU
		{8ABA8009-C03B-4D52-A6A3-A63D91D039F1}.Release|Any CPU.Build.0 = Release|Any CPU
		{8ABA8009-C03B-4D52-A6A3-A63D91D039F1}.Release|x64.ActiveCfg = Release|Any CPU
		{8ABA8009-C03B-4D52-A6A3-A63D91D039F1}.Release|x64.Build.0 = Release|Any CPU
		{8ABA8009-C03B-4D52-A6A3-A63D91D039F1}.Release|x86.ActiveCfg = Release|Any CPU
		{8ABA8009-C03B-4D52-A6A3-A63D91D039F1}.Release|x86.Build.0 = Release|Any CPU
		{FAC2B07B-09DC-418A-A315-F5776D2E6226}.Debug|Any CPU.ActiveCfg = Debug|Any CPU
		{FAC2B07B-09DC-418A-A315-F5776D2E6226}.Debug|Any CPU.Build.0 = Debug|Any CPU
		{FAC2B07B-09DC-418A-A315-F5776D2E6226}.Debug|x64.ActiveCfg = Debug|Any CPU
		{FAC2B07B-09DC-418A-A315-F5776D2E6226}.Debug|x64.Build.0 = Debug|Any CPU
		{FAC2B07B-09DC-418A-A315-F5776D2E6226}.Debug|x86.ActiveCfg = Debug|Any CPU
		{FAC2B07B-09DC-418A-A315-F5776D2E6226}.Debug|x86.Build.0 = Debug|Any CPU
		{FAC2B07B-09DC-418A-A315-F5776D2E6226}.Release|Any CPU.ActiveCfg = Release|Any CPU
		{FAC2B07B-09DC-418A-A315-F5776D2E6226}.Release|Any CPU.Build.0 = Release|Any CPU
		{FAC2B07B-09DC-418A-A315-F5776D2E6226}.Release|x64.ActiveCfg = Release|Any CPU
		{FAC2B07B-09DC-418A-A315-F5776D2E6226}.Release|x64.Build.0 = Release|Any CPU
		{FAC2B07B-09DC-418A-A315-F5776D2E6226}.Release|x86.ActiveCfg = Release|Any CPU
		{FAC2B07B-09DC-418A-A315-F5776D2E6226}.Release|x86.Build.0 = Release|Any CPU
		{D02F90A6-C322-434D-842A-404B06BAD09D}.Debug|Any CPU.ActiveCfg = Debug|Any CPU
		{D02F90A6-C322-434D-842A-404B06BAD09D}.Debug|Any CPU.Build.0 = Debug|Any CPU
		{D02F90A6-C322-434D-842A-404B06BAD09D}.Debug|x64.ActiveCfg = Debug|Any CPU
		{D02F90A6-C322-434D-842A-404B06BAD09D}.Debug|x64.Build.0 = Debug|Any CPU
		{D02F90A6-C322-434D-842A-404B06BAD09D}.Debug|x86.ActiveCfg = Debug|Any CPU
		{D02F90A6-C322-434D-842A-404B06BAD09D}.Debug|x86.Build.0 = Debug|Any CPU
		{D02F90A6-C322-434D-842A-404B06BAD09D}.Release|Any CPU.ActiveCfg = Release|Any CPU
		{D02F90A6-C322-434D-842A-404B06BAD09D}.Release|Any CPU.Build.0 = Release|Any CPU
		{D02F90A6-C322-434D-842A-404B06BAD09D}.Release|x64.ActiveCfg = Release|Any CPU
		{D02F90A6-C322-434D-842A-404B06BAD09D}.Release|x64.Build.0 = Release|Any CPU
		{D02F90A6-C322-434D-842A-404B06BAD09D}.Release|x86.ActiveCfg = Release|Any CPU
		{D02F90A6-C322-434D-842A-404B06BAD09D}.Release|x86.Build.0 = Release|Any CPU
		{E02DC5AD-4C67-4267-ABCA-D47A98A683EF}.Debug|Any CPU.ActiveCfg = Debug|Any CPU
		{E02DC5AD-4C67-4267-ABCA-D47A98A683EF}.Debug|Any CPU.Build.0 = Debug|Any CPU
		{E02DC5AD-4C67-4267-ABCA-D47A98A683EF}.Debug|x64.ActiveCfg = Debug|Any CPU
		{E02DC5AD-4C67-4267-ABCA-D47A98A683EF}.Debug|x64.Build.0 = Debug|Any CPU
		{E02DC5AD-4C67-4267-ABCA-D47A98A683EF}.Debug|x86.ActiveCfg = Debug|Any CPU
		{E02DC5AD-4C67-4267-ABCA-D47A98A683EF}.Debug|x86.Build.0 = Debug|Any CPU
		{E02DC5AD-4C67-4267-ABCA-D47A98A683EF}.Release|Any CPU.ActiveCfg = Release|Any CPU
		{E02DC5AD-4C67-4267-ABCA-D47A98A683EF}.Release|Any CPU.Build.0 = Release|Any CPU
		{E02DC5AD-4C67-4267-ABCA-D47A98A683EF}.Release|x64.ActiveCfg = Release|Any CPU
		{E02DC5AD-4C67-4267-ABCA-D47A98A683EF}.Release|x64.Build.0 = Release|Any CPU
		{E02DC5AD-4C67-4267-ABCA-D47A98A683EF}.Release|x86.ActiveCfg = Release|Any CPU
		{E02DC5AD-4C67-4267-ABCA-D47A98A683EF}.Release|x86.Build.0 = Release|Any CPU
		{66E5EECE-FD57-4509-A833-6DF07B520B57}.Debug|Any CPU.ActiveCfg = Debug|Any CPU
		{66E5EECE-FD57-4509-A833-6DF07B520B57}.Debug|Any CPU.Build.0 = Debug|Any CPU
		{66E5EECE-FD57-4509-A833-6DF07B520B57}.Debug|x64.ActiveCfg = Debug|Any CPU
		{66E5EECE-FD57-4509-A833-6DF07B520B57}.Debug|x64.Build.0 = Debug|Any CPU
		{66E5EECE-FD57-4509-A833-6DF07B520B57}.Debug|x86.ActiveCfg = Debug|Any CPU
		{66E5EECE-FD57-4509-A833-6DF07B520B57}.Debug|x86.Build.0 = Debug|Any CPU
		{66E5EECE-FD57-4509-A833-6DF07B520B57}.Release|Any CPU.ActiveCfg = Release|Any CPU
		{66E5EECE-FD57-4509-A833-6DF07B520B57}.Release|Any CPU.Build.0 = Release|Any CPU
		{66E5EECE-FD57-4509-A833-6DF07B520B57}.Release|x64.ActiveCfg = Release|Any CPU
		{66E5EECE-FD57-4509-A833-6DF07B520B57}.Release|x64.Build.0 = Release|Any CPU
		{66E5EECE-FD57-4509-A833-6DF07B520B57}.Release|x86.ActiveCfg = Release|Any CPU
		{66E5EECE-FD57-4509-A833-6DF07B520B57}.Release|x86.Build.0 = Release|Any CPU
		{9AC1976E-0CA8-4090-9DA6-4E145FC9F8A5}.Debug|Any CPU.ActiveCfg = Debug|Any CPU
		{9AC1976E-0CA8-4090-9DA6-4E145FC9F8A5}.Debug|Any CPU.Build.0 = Debug|Any CPU
		{9AC1976E-0CA8-4090-9DA6-4E145FC9F8A5}.Debug|x64.ActiveCfg = Debug|Any CPU
		{9AC1976E-0CA8-4090-9DA6-4E145FC9F8A5}.Debug|x64.Build.0 = Debug|Any CPU
		{9AC1976E-0CA8-4090-9DA6-4E145FC9F8A5}.Debug|x86.ActiveCfg = Debug|Any CPU
		{9AC1976E-0CA8-4090-9DA6-4E145FC9F8A5}.Debug|x86.Build.0 = Debug|Any CPU
		{9AC1976E-0CA8-4090-9DA6-4E145FC9F8A5}.Release|Any CPU.ActiveCfg = Release|Any CPU
		{9AC1976E-0CA8-4090-9DA6-4E145FC9F8A5}.Release|Any CPU.Build.0 = Release|Any CPU
		{9AC1976E-0CA8-4090-9DA6-4E145FC9F8A5}.Release|x64.ActiveCfg = Release|Any CPU
		{9AC1976E-0CA8-4090-9DA6-4E145FC9F8A5}.Release|x64.Build.0 = Release|Any CPU
		{9AC1976E-0CA8-4090-9DA6-4E145FC9F8A5}.Release|x86.ActiveCfg = Release|Any CPU
		{9AC1976E-0CA8-4090-9DA6-4E145FC9F8A5}.Release|x86.Build.0 = Release|Any CPU
	EndGlobalSection
	GlobalSection(SolutionProperties) = preSolution
		HideSolutionNode = FALSE
	EndGlobalSection
	GlobalSection(NestedProjects) = preSolution
		{BC2D172B-13BC-136C-CDB1-4B1A687208C4} = {1787FE1D-075E-9E68-7218-25F1BD1BBEAB}
		{E2FD4603-31D0-4FDD-902D-4AFF73068A7A} = {BC2D172B-13BC-136C-CDB1-4B1A687208C4}
		{FE360695-3F2B-1049-3887-35FBB5135923} = {827E0CD3-B72D-47B6-A68D-7590B98EB39B}
		{7B78147C-2F41-4FFF-82A2-A561F348C3C4} = {FE360695-3F2B-1049-3887-35FBB5135923}
		{A2011C20-5C64-45EB-96C2-EB4BF0891019} = {FE360695-3F2B-1049-3887-35FBB5135923}
		{7EF8658C-6DFF-4F3F-872A-5892350CF085} = {FE360695-3F2B-1049-3887-35FBB5135923}
		{0C0A2722-A17F-458E-BC50-7CD5CE2DBD90} = {FE360695-3F2B-1049-3887-35FBB5135923}
		{9D556B49-86D1-93A7-9596-FFAAB74EC556} = {0AB3BF05-4346-4AA6-1389-037BE0695223}
		{009FC229-0EA7-4D29-ADA7-1D76DD6E0398} = {9D556B49-86D1-93A7-9596-FFAAB74EC556}
		{80AA2D47-A8A8-B250-956F-7C35AE84D60B} = {FE360695-3F2B-1049-3887-35FBB5135923}
		{267905EB-5D75-4CF2-8B96-DE619CFD259C} = {80AA2D47-A8A8-B250-956F-7C35AE84D60B}
		{0A336D5A-A015-4395-BC34-4F39133CCB51} = {80AA2D47-A8A8-B250-956F-7C35AE84D60B}
		{016F9B39-8119-44D3-BB6C-D50AD8197550} = {80AA2D47-A8A8-B250-956F-7C35AE84D60B}
		{97F361D2-6577-4F98-A0A0-5829E3020200} = {80AA2D47-A8A8-B250-956F-7C35AE84D60B}
		{44CC71B8-A8B1-46B2-B951-8F10F90C8ACF} = {80AA2D47-A8A8-B250-956F-7C35AE84D60B}
		{CE0A596B-29D1-4A78-B840-EC9665BD0875} = {80AA2D47-A8A8-B250-956F-7C35AE84D60B}
		{096B9F4F-06F1-4668-84AD-FA22DCC938BC} = {80AA2D47-A8A8-B250-956F-7C35AE84D60B}
		{8ABA8009-C03B-4D52-A6A3-A63D91D039F1} = {80AA2D47-A8A8-B250-956F-7C35AE84D60B}
		{FAC2B07B-09DC-418A-A315-F5776D2E6226} = {80AA2D47-A8A8-B250-956F-7C35AE84D60B}
		{D02F90A6-C322-434D-842A-404B06BAD09D} = {80AA2D47-A8A8-B250-956F-7C35AE84D60B}
		{E02DC5AD-4C67-4267-ABCA-D47A98A683EF} = {80AA2D47-A8A8-B250-956F-7C35AE84D60B}
		{875CD587-DE2F-08EE-74FB-D6BE4E474EF3} = {0AB3BF05-4346-4AA6-1389-037BE0695223}
		{66E5EECE-FD57-4509-A833-6DF07B520B57} = {875CD587-DE2F-08EE-74FB-D6BE4E474EF3}
		{9AC1976E-0CA8-4090-9DA6-4E145FC9F8A5} = {9D556B49-86D1-93A7-9596-FFAAB74EC556}
	EndGlobalSection
EndGlobal
